
Microsoft Visual Studio Solution File, Format Version 12.00
# Visual Studio 15
VisualStudioVersion = 15.0.28307.757
MinimumVisualStudioVersion = 10.0.40219.1
Project("{2150E333-8FDC-42A3-9474-1A3956D46DE8}") = "Core", "Core", "{BE2BAFE0-08BA-45F9-A191-25C76A1088A4}"
EndProject
Project("{2150E333-8FDC-42A3-9474-1A3956D46DE8}") = "IdentityService", "IdentityService", "{BCA3B004-EDD6-423D-99F0-E69D2D17BDB6}"
EndProject
Project("{2150E333-8FDC-42A3-9474-1A3956D46DE8}") = "Incidentes", "Incidentes", "{92123496-7E44-4EDB-ACCA-087959ECC3EF}"
EndProject
Project("{9A19103F-16F7-4668-BE54-9A1E7A4F7556}") = "PUCMinas.SGQ.Core.Business", "src\PUCMinas.SGQ.Core.Business\PUCMinas.SGQ.Core.Business.csproj", "{54D5A8E1-EB1B-4A9F-B884-0CFB080101E4}"
EndProject
Project("{9A19103F-16F7-4668-BE54-9A1E7A4F7556}") = "PUCMinas.SGQ.Core.Data", "src\PUCMinas.SGQ.Core.Data\PUCMinas.SGQ.Core.Data.csproj", "{72B02325-004A-4907-9ECE-84AF99888927}"
EndProject
Project("{2150E333-8FDC-42A3-9474-1A3956D46DE8}") = "ApiGateway", "ApiGateway", "{DA8529CC-2E9F-474A-8B68-E9249E341C5C}"
EndProject
Project("{9A19103F-16F7-4668-BE54-9A1E7A4F7556}") = "PUCMinas.SGQ.Incidentes.Business", "src\PUCMinas.SGQ.Incidentes.Business\PUCMinas.SGQ.Incidentes.Business.csproj", "{2CDDD1D3-15F1-4F08-A66B-9290B15C0C1B}"
EndProject
Project("{9A19103F-16F7-4668-BE54-9A1E7A4F7556}") = "PUCMinas.SGQ.Incidentes.Data", "src\PUCMinas.SGQ.Incidentes.Data\PUCMinas.SGQ.Incidentes.Data.csproj", "{2178C8E2-5E4D-4DB9-89CD-647FE8C18B0E}"
EndProject
Project("{9A19103F-16F7-4668-BE54-9A1E7A4F7556}") = "PUCMinas.SGQ.Incidentes.WebAPI", "src\PUCMinas.SGQ.Incidentes.WebAPI\PUCMinas.SGQ.Incidentes.WebAPI.csproj", "{D13DF05A-B74D-4748-833E-95F6241485EC}"
EndProject
Project("{9A19103F-16F7-4668-BE54-9A1E7A4F7556}") = "PUCMinas.SGQ.ApiGateway.WebAPI", "src\PUCMinas.SGQ.ApiGateway.WebAPI\PUCMinas.SGQ.ApiGateway.WebAPI.csproj", "{6B05F058-E846-4366-A895-0F6CA4826967}"
EndProject
Project("{9A19103F-16F7-4668-BE54-9A1E7A4F7556}") = "PUCMinas.SGQ.Core.WebApi", "src\PUCMinas.SGQ.Core.WebApi\PUCMinas.SGQ.Core.WebApi.csproj", "{AC764778-20BF-4128-BB4C-DD6E0D058369}"
EndProject
Project("{2150E333-8FDC-42A3-9474-1A3956D46DE8}") = "Processos", "Processos", "{F0F18FAA-CA9F-44F9-B06F-A5867A6EC126}"
EndProject
Project("{9A19103F-16F7-4668-BE54-9A1E7A4F7556}") = "PUCMinas.SGQ.Processos.Business", "src\PUCMinas.SGQ.Processos.Business\PUCMinas.SGQ.Processos.Business.csproj", "{56A3FC92-D436-47DD-9EEC-BA4A2C8E5C4B}"
EndProject
Project("{9A19103F-16F7-4668-BE54-9A1E7A4F7556}") = "PUCMinas.SGQ.Processos.Data", "src\PUCMinas.SGQ.Processos.Data\PUCMinas.SGQ.Processos.Data.csproj", "{A7895B2C-CE05-42B8-8B76-8473704827B9}"
EndProject
Project("{9A19103F-16F7-4668-BE54-9A1E7A4F7556}") = "PUCMinas.SGQ.Processos.WebAPI", "src\PUCMinas.SGQ.Processos.WebAPI\PUCMinas.SGQ.Processos.WebAPI.csproj", "{DBBFCC20-B2A1-4384-A72B-8EBF43DB1FAA}"
EndProject
Project("{9A19103F-16F7-4668-BE54-9A1E7A4F7556}") = "PUCMinas.SGQ.IdentityService.WebAPI", "src\PUCMinas.SGQ.IdentityService.WebAPI\PUCMinas.SGQ.IdentityService.WebAPI.csproj", "{724CA2D5-B710-4242-8725-6C2359DEC543}"
EndProject
Project("{2150E333-8FDC-42A3-9474-1A3956D46DE8}") = "Transparencia", "Transparencia", "{6CC2B273-9F23-49F2-BCCB-1BFC230AE819}"
EndProject
Project("{2150E333-8FDC-42A3-9474-1A3956D46DE8}") = "BI", "BI", "{291644C5-EFF8-413F-966A-5AD0511C71D4}"
EndProject
Project("{2150E333-8FDC-42A3-9474-1A3956D46DE8}") = "Compliance", "Compliance", "{632A60A2-EF16-4E4B-BBE6-4D4AB1F3D971}"
EndProject
Project("{2150E333-8FDC-42A3-9474-1A3956D46DE8}") = "Relatorios", "Relatorios", "{1426B7FC-C1EE-43DC-A186-7BDEAFBF93D6}"
EndProject
Project("{2150E333-8FDC-42A3-9474-1A3956D46DE8}") = "UI", "UI", "{96EC0ECB-785A-43A9-843E-B109E774C972}"
EndProject
Global
	GlobalSection(SolutionConfigurationPlatforms) = preSolution
		Debug|Any CPU = Debug|Any CPU
		Release|Any CPU = Release|Any CPU
	EndGlobalSection
	GlobalSection(ProjectConfigurationPlatforms) = postSolution
		{54D5A8E1-EB1B-4A9F-B884-0CFB080101E4}.Debug|Any CPU.ActiveCfg = Debug|Any CPU
		{54D5A8E1-EB1B-4A9F-B884-0CFB080101E4}.Debug|Any CPU.Build.0 = Debug|Any CPU
		{54D5A8E1-EB1B-4A9F-B884-0CFB080101E4}.Release|Any CPU.ActiveCfg = Release|Any CPU
		{54D5A8E1-EB1B-4A9F-B884-0CFB080101E4}.Release|Any CPU.Build.0 = Release|Any CPU
		{72B02325-004A-4907-9ECE-84AF99888927}.Debug|Any CPU.ActiveCfg = Debug|Any CPU
		{72B02325-004A-4907-9ECE-84AF99888927}.Debug|Any CPU.Build.0 = Debug|Any CPU
		{72B02325-004A-4907-9ECE-84AF99888927}.Release|Any CPU.ActiveCfg = Release|Any CPU
		{72B02325-004A-4907-9ECE-84AF99888927}.Release|Any CPU.Build.0 = Release|Any CPU
		{2CDDD1D3-15F1-4F08-A66B-9290B15C0C1B}.Debug|Any CPU.ActiveCfg = Debug|Any CPU
		{2CDDD1D3-15F1-4F08-A66B-9290B15C0C1B}.Debug|Any CPU.Build.0 = Debug|Any CPU
		{2CDDD1D3-15F1-4F08-A66B-9290B15C0C1B}.Release|Any CPU.ActiveCfg = Release|Any CPU
		{2CDDD1D3-15F1-4F08-A66B-9290B15C0C1B}.Release|Any CPU.Build.0 = Release|Any CPU
		{2178C8E2-5E4D-4DB9-89CD-647FE8C18B0E}.Debug|Any CPU.ActiveCfg = Debug|Any CPU
		{2178C8E2-5E4D-4DB9-89CD-647FE8C18B0E}.Debug|Any CPU.Build.0 = Debug|Any CPU
		{2178C8E2-5E4D-4DB9-89CD-647FE8C18B0E}.Release|Any CPU.ActiveCfg = Release|Any CPU
		{2178C8E2-5E4D-4DB9-89CD-647FE8C18B0E}.Release|Any CPU.Build.0 = Release|Any CPU
		{D13DF05A-B74D-4748-833E-95F6241485EC}.Debug|Any CPU.ActiveCfg = Debug|Any CPU
		{D13DF05A-B74D-4748-833E-95F6241485EC}.Debug|Any CPU.Build.0 = Debug|Any CPU
		{D13DF05A-B74D-4748-833E-95F6241485EC}.Release|Any CPU.ActiveCfg = Release|Any CPU
		{D13DF05A-B74D-4748-833E-95F6241485EC}.Release|Any CPU.Build.0 = Release|Any CPU
		{6B05F058-E846-4366-A895-0F6CA4826967}.Debug|Any CPU.ActiveCfg = Debug|Any CPU
		{6B05F058-E846-4366-A895-0F6CA4826967}.Debug|Any CPU.Build.0 = Debug|Any CPU
		{6B05F058-E846-4366-A895-0F6CA4826967}.Release|Any CPU.ActiveCfg = Release|Any CPU
		{6B05F058-E846-4366-A895-0F6CA4826967}.Release|Any CPU.Build.0 = Release|Any CPU
		{AC764778-20BF-4128-BB4C-DD6E0D058369}.Debug|Any CPU.ActiveCfg = Debug|Any CPU
		{AC764778-20BF-4128-BB4C-DD6E0D058369}.Debug|Any CPU.Build.0 = Debug|Any CPU
		{AC764778-20BF-4128-BB4C-DD6E0D058369}.Release|Any CPU.ActiveCfg = Release|Any CPU
		{AC764778-20BF-4128-BB4C-DD6E0D058369}.Release|Any CPU.Build.0 = Release|Any CPU
		{56A3FC92-D436-47DD-9EEC-BA4A2C8E5C4B}.Debug|Any CPU.ActiveCfg = Debug|Any CPU
		{56A3FC92-D436-47DD-9EEC-BA4A2C8E5C4B}.Debug|Any CPU.Build.0 = Debug|Any CPU
		{56A3FC92-D436-47DD-9EEC-BA4A2C8E5C4B}.Release|Any CPU.ActiveCfg = Release|Any CPU
		{56A3FC92-D436-47DD-9EEC-BA4A2C8E5C4B}.Release|Any CPU.Build.0 = Release|Any CPU
		{A7895B2C-CE05-42B8-8B76-8473704827B9}.Debug|Any CPU.ActiveCfg = Debug|Any CPU
		{A7895B2C-CE05-42B8-8B76-8473704827B9}.Debug|Any CPU.Build.0 = Debug|Any CPU
		{A7895B2C-CE05-42B8-8B76-8473704827B9}.Release|Any CPU.ActiveCfg = Release|Any CPU
		{A7895B2C-CE05-42B8-8B76-8473704827B9}.Release|Any CPU.Build.0 = Release|Any CPU
		{DBBFCC20-B2A1-4384-A72B-8EBF43DB1FAA}.Debug|Any CPU.ActiveCfg = Debug|Any CPU
		{DBBFCC20-B2A1-4384-A72B-8EBF43DB1FAA}.Debug|Any CPU.Build.0 = Debug|Any CPU
		{DBBFCC20-B2A1-4384-A72B-8EBF43DB1FAA}.Release|Any CPU.ActiveCfg = Release|Any CPU
		{DBBFCC20-B2A1-4384-A72B-8EBF43DB1FAA}.Release|Any CPU.Build.0 = Release|Any CPU
		{724CA2D5-B710-4242-8725-6C2359DEC543}.Debug|Any CPU.ActiveCfg = Debug|Any CPU
		{724CA2D5-B710-4242-8725-6C2359DEC543}.Debug|Any CPU.Build.0 = Debug|Any CPU
		{724CA2D5-B710-4242-8725-6C2359DEC543}.Release|Any CPU.ActiveCfg = Release|Any CPU
		{724CA2D5-B710-4242-8725-6C2359DEC543}.Release|Any CPU.Build.0 = Release|Any CPU
	EndGlobalSection
	GlobalSection(SolutionProperties) = preSolution
		HideSolutionNode = FALSE
	EndGlobalSection
	GlobalSection(NestedProjects) = preSolution
		{54D5A8E1-EB1B-4A9F-B884-0CFB080101E4} = {BE2BAFE0-08BA-45F9-A191-25C76A1088A4}
		{72B02325-004A-4907-9ECE-84AF99888927} = {BE2BAFE0-08BA-45F9-A191-25C76A1088A4}
		{2CDDD1D3-15F1-4F08-A66B-9290B15C0C1B} = {92123496-7E44-4EDB-ACCA-087959ECC3EF}
		{2178C8E2-5E4D-4DB9-89CD-647FE8C18B0E} = {92123496-7E44-4EDB-ACCA-087959ECC3EF}
		{D13DF05A-B74D-4748-833E-95F6241485EC} = {92123496-7E44-4EDB-ACCA-087959ECC3EF}
		{6B05F058-E846-4366-A895-0F6CA4826967} = {DA8529CC-2E9F-474A-8B68-E9249E341C5C}
		{AC764778-20BF-4128-BB4C-DD6E0D058369} = {BE2BAFE0-08BA-45F9-A191-25C76A1088A4}
		{56A3FC92-D436-47DD-9EEC-BA4A2C8E5C4B} = {F0F18FAA-CA9F-44F9-B06F-A5867A6EC126}
		{A7895B2C-CE05-42B8-8B76-8473704827B9} = {F0F18FAA-CA9F-44F9-B06F-A5867A6EC126}
		{DBBFCC20-B2A1-4384-A72B-8EBF43DB1FAA} = {F0F18FAA-CA9F-44F9-B06F-A5867A6EC126}
		{724CA2D5-B710-4242-8725-6C2359DEC543} = {BCA3B004-EDD6-423D-99F0-E69D2D17BDB6}
	EndGlobalSection
	GlobalSection(ExtensibilityGlobals) = postSolution
		SolutionGuid = {8D3BD969-B22E-46FA-9559-233EF7FBF915}
	EndGlobalSection
EndGlobal
